// !$*UTF8*$!
{
	archiveVersion = 1;
	classes = {
	};
	objectVersion = 55;
	objects = {

/* Begin PBXBuildFile section */
		48348239277C9BCD00BA5B39 /* LocationMapAnnotationView.swift in Sources */ = {isa = PBXBuildFile; fileRef = 48348238277C9BCD00BA5B39 /* LocationMapAnnotationView.swift */; };
		485BA61C277AD6D3000264D7 /* Assets.xcassets in Resources */ = {isa = PBXBuildFile; fileRef = 485BA61B277AD6D3000264D7 /* Assets.xcassets */; };
		485BA621277AD907000264D7 /* Location.swift in Sources */ = {isa = PBXBuildFile; fileRef = 485BA620277AD907000264D7 /* Location.swift */; };
		485BA624277ADAA9000264D7 /* LocationsDataService.swift in Sources */ = {isa = PBXBuildFile; fileRef = 485BA623277ADAA9000264D7 /* LocationsDataService.swift */; };
		485BA626277B2788000264D7 /* LocationView.swift in Sources */ = {isa = PBXBuildFile; fileRef = 485BA625277B2788000264D7 /* LocationView.swift */; };
		485BA628277B30F2000264D7 /* LocationViewModel.swift in Sources */ = {isa = PBXBuildFile; fileRef = 485BA627277B30F2000264D7 /* LocationViewModel.swift */; };
		485BA62A277C25B4000264D7 /* LocationListView.swift in Sources */ = {isa = PBXBuildFile; fileRef = 485BA629277C25B4000264D7 /* LocationListView.swift */; };
		485BA62C277C671A000264D7 /* LocationPreviewView.swift in Sources */ = {isa = PBXBuildFile; fileRef = 485BA62B277C6719000264D7 /* LocationPreviewView.swift */; };
		48AD2D9F2774373100026299 /* BasicSwiftUIApp.swift in Sources */ = {isa = PBXBuildFile; fileRef = 48AD2D9E2774373100026299 /* BasicSwiftUIApp.swift */; };
		48AD2DA12774373100026299 /* ContentView.swift in Sources */ = {isa = PBXBuildFile; fileRef = 48AD2DA02774373100026299 /* ContentView.swift */; };
		48AD2DA62774373500026299 /* Preview Assets.xcassets in Resources */ = {isa = PBXBuildFile; fileRef = 48AD2DA52774373500026299 /* Preview Assets.xcassets */; };
/* End PBXBuildFile section */

/* Begin PBXFileReference section */
		48348238277C9BCD00BA5B39 /* LocationMapAnnotationView.swift */ = {isa = PBXFileReference; lastKnownFileType = sourcecode.swift; path = LocationMapAnnotationView.swift; sourceTree = "<group>"; };
		485BA61B277AD6D3000264D7 /* Assets.xcassets */ = {isa = PBXFileReference; lastKnownFileType = folder.assetcatalog; path = Assets.xcassets; sourceTree = "<group>"; };
		485BA620277AD907000264D7 /* Location.swift */ = {isa = PBXFileReference; lastKnownFileType = sourcecode.swift; path = Location.swift; sourceTree = "<group>"; };
		485BA623277ADAA9000264D7 /* LocationsDataService.swift */ = {isa = PBXFileReference; fileEncoding = 4; lastKnownFileType = sourcecode.swift; path = LocationsDataService.swift; sourceTree = "<group>"; };
		485BA625277B2788000264D7 /* LocationView.swift */ = {isa = PBXFileReference; lastKnownFileType = sourcecode.swift; path = LocationView.swift; sourceTree = "<group>"; };
		485BA627277B30F2000264D7 /* LocationViewModel.swift */ = {isa = PBXFileReference; lastKnownFileType = sourcecode.swift; path = LocationViewModel.swift; sourceTree = "<group>"; };
		485BA629277C25B4000264D7 /* LocationListView.swift */ = {isa = PBXFileReference; lastKnownFileType = sourcecode.swift; path = LocationListView.swift; sourceTree = "<group>"; };
		485BA62B277C6719000264D7 /* LocationPreviewView.swift */ = {isa = PBXFileReference; lastKnownFileType = sourcecode.swift; path = LocationPreviewView.swift; sourceTree = "<group>"; };
		48AD2D9B2774373100026299 /* BasicSwiftUI.app */ = {isa = PBXFileReference; explicitFileType = wrapper.application; includeInIndex = 0; path = BasicSwiftUI.app; sourceTree = BUILT_PRODUCTS_DIR; };
		48AD2D9E2774373100026299 /* BasicSwiftUIApp.swift */ = {isa = PBXFileReference; lastKnownFileType = sourcecode.swift; path = BasicSwiftUIApp.swift; sourceTree = "<group>"; };
		48AD2DA02774373100026299 /* ContentView.swift */ = {isa = PBXFileReference; lastKnownFileType = sourcecode.swift; path = ContentView.swift; sourceTree = "<group>"; };
		48AD2DA52774373500026299 /* Preview Assets.xcassets */ = {isa = PBXFileReference; lastKnownFileType = folder.assetcatalog; path = "Preview Assets.xcassets"; sourceTree = "<group>"; };
/* End PBXFileReference section */

/* Begin PBXFrameworksBuildPhase section */
		48AD2D982774373100026299 /* Frameworks */ = {
			isa = PBXFrameworksBuildPhase;
			buildActionMask = 2147483647;
			files = (
			);
			runOnlyForDeploymentPostprocessing = 0;
		};
/* End PBXFrameworksBuildPhase section */

/* Begin PBXGroup section */
		485BA61D277AD870000264D7 /* Views */ = {
			isa = PBXGroup;
			children = (
				485BA625277B2788000264D7 /* LocationView.swift */,
				485BA629277C25B4000264D7 /* LocationListView.swift */,
				485BA62B277C6719000264D7 /* LocationPreviewView.swift */,
				48348238277C9BCD00BA5B39 /* LocationMapAnnotationView.swift */,
			);
			path = Views;
			sourceTree = "<group>";
		};
		485BA61E277AD87A000264D7 /* Models */ = {
			isa = PBXGroup;
			children = (
				485BA620277AD907000264D7 /* Location.swift */,
			);
			path = Models;
			sourceTree = "<group>";
		};
		485BA61F277AD882000264D7 /* ViewModels */ = {
			isa = PBXGroup;
			children = (
				485BA627277B30F2000264D7 /* LocationViewModel.swift */,
			);
			path = ViewModels;
			sourceTree = "<group>";
		};
		485BA622277ADA72000264D7 /* DataServices */ = {
			isa = PBXGroup;
			children = (
				485BA623277ADAA9000264D7 /* LocationsDataService.swift */,
			);
			path = DataServices;
			sourceTree = "<group>";
		};
		48AD2D922774373100026299 = {
			isa = PBXGroup;
			children = (
				48AD2D9D2774373100026299 /* BasicSwiftUI */,
				48AD2D9C2774373100026299 /* Products */,
			);
			sourceTree = "<group>";
		};
		48AD2D9C2774373100026299 /* Products */ = {
			isa = PBXGroup;
			children = (
				48AD2D9B2774373100026299 /* BasicSwiftUI.app */,
			);
			name = Products;
			sourceTree = "<group>";
		};
		48AD2D9D2774373100026299 /* BasicSwiftUI */ = {
			isa = PBXGroup;
			children = (
				48AD2D9E2774373100026299 /* BasicSwiftUIApp.swift */,
				48AD2DA02774373100026299 /* ContentView.swift */,
				485BA622277ADA72000264D7 /* DataServices */,
				485BA61E277AD87A000264D7 /* Models */,
				485BA61D277AD870000264D7 /* Views */,
				485BA61F277AD882000264D7 /* ViewModels */,
				485BA61B277AD6D3000264D7 /* Assets.xcassets */,
				48AD2DA42774373500026299 /* Preview Content */,
			);
			path = BasicSwiftUI;
			sourceTree = "<group>";
		};
		48AD2DA42774373500026299 /* Preview Content */ = {
			isa = PBXGroup;
			children = (
				48AD2DA52774373500026299 /* Preview Assets.xcassets */,
			);
			path = "Preview Content";
			sourceTree = "<group>";
		};
/* End PBXGroup section */

/* Begin PBXNativeTarget section */
		48AD2D9A2774373100026299 /* BasicSwiftUI */ = {
			isa = PBXNativeTarget;
			buildConfigurationList = 48AD2DA92774373500026299 /* Build configuration list for PBXNativeTarget "BasicSwiftUI" */;
			buildPhases = (
				48AD2D972774373100026299 /* Sources */,
				48AD2D982774373100026299 /* Frameworks */,
				48AD2D992774373100026299 /* Resources */,
			);
			buildRules = (
			);
			dependencies = (
			);
			name = BasicSwiftUI;
			productName = BasicSwiftUI;
			productReference = 48AD2D9B2774373100026299 /* BasicSwiftUI.app */;
			productType = "com.apple.product-type.application";
		};
/* End PBXNativeTarget section */

/* Begin PBXProject section */
		48AD2D932774373100026299 /* Project object */ = {
			isa = PBXProject;
			attributes = {
				BuildIndependentTargetsInParallel = 1;
				LastSwiftUpdateCheck = 1300;
				LastUpgradeCheck = 1300;
				TargetAttributes = {
					48AD2D9A2774373100026299 = {
						CreatedOnToolsVersion = 13.0;
					};
				};
			};
			buildConfigurationList = 48AD2D962774373100026299 /* Build configuration list for PBXProject "BasicSwiftUI" */;
			compatibilityVersion = "Xcode 13.0";
			developmentRegion = en;
			hasScannedForEncodings = 0;
			knownRegions = (
				en,
				Base,
			);
			mainGroup = 48AD2D922774373100026299;
			productRefGroup = 48AD2D9C2774373100026299 /* Products */;
			projectDirPath = "";
			projectRoot = "";
			targets = (
				48AD2D9A2774373100026299 /* BasicSwiftUI */,
			);
		};
/* End PBXProject section */

/* Begin PBXResourcesBuildPhase section */
		48AD2D992774373100026299 /* Resources */ = {
			isa = PBXResourcesBuildPhase;
			buildActionMask = 2147483647;
			files = (
				485BA61C277AD6D3000264D7 /* Assets.xcassets in Resources */,
				48AD2DA62774373500026299 /* Preview Assets.xcassets in Resources */,
			);
			runOnlyForDeploymentPostprocessing = 0;
		};
/* End PBXResourcesBuildPhase section */

/* Begin PBXSourcesBuildPhase section */
		48AD2D972774373100026299 /* Sources */ = {
			isa = PBXSourcesBuildPhase;
			buildActionMask = 2147483647;
			files = (
				485BA624277ADAA9000264D7 /* LocationsDataService.swift in Sources */,
				48348239277C9BCD00BA5B39 /* LocationMapAnnotationView.swift in Sources */,
				485BA628277B30F2000264D7 /* LocationViewModel.swift in Sources */,
				48AD2DA12774373100026299 /* ContentView.swift in Sources */,
				485BA626277B2788000264D7 /* LocationView.swift in Sources */,
				485BA62C277C671A000264D7 /* LocationPreviewView.swift in Sources */,
				485BA62A277C25B4000264D7 /* LocationListView.swift in Sources */,
				485BA621277AD907000264D7 /* Location.swift in Sources */,
				48AD2D9F2774373100026299 /* BasicSwiftUIApp.swift in Sources */,
			);
			runOnlyForDeploymentPostprocessing = 0;
		};
/* End PBXSourcesBuildPhase section */

/* Begin XCBuildConfiguration section */
		48AD2DA72774373500026299 /* Debug */ = {
			isa = XCBuildConfiguration;
			buildSettings = {
				ALWAYS_SEARCH_USER_PATHS = NO;
				CLANG_ANALYZER_NONNULL = YES;
				CLANG_ANALYZER_NUMBER_OBJECT_CONVERSION = YES_AGGRESSIVE;
				CLANG_CXX_LANGUAGE_STANDARD = "gnu++17";
				CLANG_CXX_LIBRARY = "libc++";
				CLANG_ENABLE_MODULES = YES;
				CLANG_ENABLE_OBJC_ARC = YES;
				CLANG_ENABLE_OBJC_WEAK = YES;
				CLANG_WARN_BLOCK_CAPTURE_AUTORELEASING = YES;
				CLANG_WARN_BOOL_CONVERSION = YES;
				CLANG_WARN_COMMA = YES;
				CLANG_WARN_CONSTANT_CONVERSION = YES;
				CLANG_WARN_DEPRECATED_OBJC_IMPLEMENTATIONS = YES;
				CLANG_WARN_DIRECT_OBJC_ISA_USAGE = YES_ERROR;
				CLANG_WARN_DOCUMENTATION_COMMENTS = YES;
				CLANG_WARN_EMPTY_BODY = YES;
				CLANG_WARN_ENUM_CONVERSION = YES;
				CLANG_WARN_INFINITE_RECURSION = YES;
				CLANG_WARN_INT_CONVERSION = YES;
				CLANG_WARN_NON_LITERAL_NULL_CONVERSION = YES;
				CLANG_WARN_OBJC_IMPLICIT_RETAIN_SELF = YES;
				CLANG_WARN_OBJC_LITERAL_CONVERSION = YES;
				CLANG_WARN_OBJC_ROOT_CLASS = YES_ERROR;
				CLANG_WARN_QUOTED_INCLUDE_IN_FRAMEWORK_HEADER = YES;
				CLANG_WARN_RANGE_LOOP_ANALYSIS = YES;
				CLANG_WARN_STRICT_PROTOTYPES = YES;
				CLANG_WARN_SUSPICIOUS_MOVE = YES;
				CLANG_WARN_UNGUARDED_AVAILABILITY = YES_AGGRESSIVE;
				CLANG_WARN_UNREACHABLE_CODE = YES;
				CLANG_WARN__DUPLICATE_METHOD_MATCH = YES;
				COPY_PHASE_STRIP = NO;
				DEBUG_INFORMATION_FORMAT = dwarf;
				ENABLE_STRICT_OBJC_MSGSEND = YES;
				ENABLE_TESTABILITY = YES;
				GCC_C_LANGUAGE_STANDARD = gnu11;
				GCC_DYNAMIC_NO_PIC = NO;
				GCC_NO_COMMON_BLOCKS = YES;
				GCC_OPTIMIZATION_LEVEL = 0;
				GCC_PREPROCESSOR_DEFINITIONS = (
					"DEBUG=1",
					"$(inherited)",
				);
				GCC_WARN_64_TO_32_BIT_CONVERSION = YES;
				GCC_WARN_ABOUT_RETURN_TYPE = YES_ERROR;
				GCC_WARN_UNDECLARED_SELECTOR = YES;
				GCC_WARN_UNINITIALIZED_AUTOS = YES_AGGRESSIVE;
				GCC_WARN_UNUSED_FUNCTION = YES;
				GCC_WARN_UNUSED_VARIABLE = YES;
				IPHONEOS_DEPLOYMENT_TARGET = 15.0;
				MTL_ENABLE_DEBUG_INFO = INCLUDE_SOURCE;
				MTL_FAST_MATH = YES;
				ONLY_ACTIVE_ARCH = YES;
				SDKROOT = iphoneos;
				SWIFT_ACTIVE_COMPILATION_CONDITIONS = DEBUG;
				SWIFT_OPTIMIZATION_LEVEL = "-Onone";
			};
			name = Debug;
		};
		48AD2DA82774373500026299 /* Release */ = {
			isa = XCBuildConfiguration;
			buildSettings = {
				ALWAYS_SEARCH_USER_PATHS = NO;
				CLANG_ANALYZER_NONNULL = YES;
				CLANG_ANALYZER_NUMBER_OBJECT_CONVERSION = YES_AGGRESSIVE;
				CLANG_CXX_LANGUAGE_STANDARD = "gnu++17";
				CLANG_CXX_LIBRARY = "libc++";
				CLANG_ENABLE_MODULES = YES;
				CLANG_ENABLE_OBJC_ARC = YES;
				CLANG_ENABLE_OBJC_WEAK = YES;
				CLANG_WARN_BLOCK_CAPTURE_AUTORELEASING = YES;
				CLANG_WARN_BOOL_CONVERSION = YES;
				CLANG_WARN_COMMA = YES;
				CLANG_WARN_CONSTANT_CONVERSION = YES;
				CLANG_WARN_DEPRECATED_OBJC_IMPLEMENTATIONS = YES;
				CLANG_WARN_DIRECT_OBJC_ISA_USAGE = YES_ERROR;
				CLANG_WARN_DOCUMENTATION_COMMENTS = YES;
				CLANG_WARN_EMPTY_BODY = YES;
				CLANG_WARN_ENUM_CONVERSION = YES;
				CLANG_WARN_INFINITE_RECURSION = YES;
				CLANG_WARN_INT_CONVERSION = YES;
				CLANG_WARN_NON_LITERAL_NULL_CONVERSION = YES;
				CLANG_WARN_OBJC_IMPLICIT_RETAIN_SELF = YES;
				CLANG_WARN_OBJC_LITERAL_CONVERSION = YES;
				CLANG_WARN_OBJC_ROOT_CLASS = YES_ERROR;
				CLANG_WARN_QUOTED_INCLUDE_IN_FRAMEWORK_HEADER = YES;
				CLANG_WARN_RANGE_LOOP_ANALYSIS = YES;
				CLANG_WARN_STRICT_PROTOTYPES = YES;
				CLANG_WARN_SUSPICIOUS_MOVE = YES;
				CLANG_WARN_UNGUARDED_AVAILABILITY = YES_AGGRESSIVE;
				CLANG_WARN_UNREACHABLE_CODE = YES;
				CLANG_WARN__DUPLICATE_METHOD_MATCH = YES;
				COPY_PHASE_STRIP = NO;
				DEBUG_INFORMATION_FORMAT = "dwarf-with-dsym";
				ENABLE_NS_ASSERTIONS = NO;
				ENABLE_STRICT_OBJC_MSGSEND = YES;
				GCC_C_LANGUAGE_STANDARD = gnu11;
				GCC_NO_COMMON_BLOCKS = YES;
				GCC_WARN_64_TO_32_BIT_CONVERSION = YES;
				GCC_WARN_ABOUT_RETURN_TYPE = YES_ERROR;
				GCC_WARN_UNDECLARED_SELECTOR = YES;
				GCC_WARN_UNINITIALIZED_AUTOS = YES_AGGRESSIVE;
				GCC_WARN_UNUSED_FUNCTION = YES;
				GCC_WARN_UNUSED_VARIABLE = YES;
				IPHONEOS_DEPLOYMENT_TARGET = 15.0;
				MTL_ENABLE_DEBUG_INFO = NO;
				MTL_FAST_MATH = YES;
				SDKROOT = iphoneos;
				SWIFT_COMPILATION_MODE = wholemodule;
				SWIFT_OPTIMIZATION_LEVEL = "-O";
				VALIDATE_PRODUCT = YES;
			};
			name = Release;
		};
		48AD2DAA2774373500026299 /* Debug */ = {
			isa = XCBuildConfiguration;
			buildSettings = {
				ASSETCATALOG_COMPILER_APPICON_NAME = AppIcon;
				ASSETCATALOG_COMPILER_GLOBAL_ACCENT_COLOR_NAME = AccentColor;
				CODE_SIGN_STYLE = Automatic;
				CURRENT_PROJECT_VERSION = 1;
				DEVELOPMENT_ASSET_PATHS = "\"BasicSwiftUI/Preview Content\"";
				DEVELOPMENT_TEAM = 6UTUM98386;
				ENABLE_PREVIEWS = YES;
				GENERATE_INFOPLIST_FILE = YES;
				INFOPLIST_KEY_UIApplicationSceneManifest_Generation = YES;
				INFOPLIST_KEY_UIApplicationSupportsIndirectInputEvents = YES;
				INFOPLIST_KEY_UILaunchScreen_Generation = YES;
				INFOPLIST_KEY_UISupportedInterfaceOrientations_iPad = "UIInterfaceOrientationPortrait UIInterfaceOrientationPortraitUpsideDown UIInterfaceOrientationLandscapeLeft UIInterfaceOrientationLandscapeRight";
				INFOPLIST_KEY_UISupportedInterfaceOrientations_iPhone = "UIInterfaceOrientationPortrait UIInterfaceOrientationLandscapeLeft UIInterfaceOrientationLandscapeRight";
				IPHONEOS_DEPLOYMENT_TARGET = 15.0;
				LD_RUNPATH_SEARCH_PATHS = (
					"$(inherited)",
					"@executable_path/Frameworks",
				);
				MARKETING_VERSION = 1.0;
				PRODUCT_BUNDLE_IDENTIFIER = co.th.tyre.BasicSwiftUI;
				PRODUCT_NAME = "$(TARGET_NAME)";
				SWIFT_EMIT_LOC_STRINGS = YES;
				SWIFT_VERSION = 5.0;
				TARGETED_DEVICE_FAMILY = "1,2";
			};
			name = Debug;
		};
		48AD2DAB2774373500026299 /* Release */ = {
			isa = XCBuildConfiguration;
			buildSettings = {
				ASSETCATALOG_COMPILER_APPICON_NAME = AppIcon;
				ASSETCATALOG_COMPILER_GLOBAL_ACCENT_COLOR_NAME = AccentColor;
				CODE_SIGN_STYLE = Automatic;
				CURRENT_PROJECT_VERSION = 1;
				DEVELOPMENT_ASSET_PATHS = "\"BasicSwiftUI/Preview Content\"";
				DEVELOPMENT_TEAM = 6UTUM98386;
				ENABLE_PREVIEWS = YES;
				GENERATE_INFOPLIST_FILE = YES;
				INFOPLIST_KEY_UIApplicationSceneManifest_Generation = YES;
				INFOPLIST_KEY_UIApplicationSupportsIndirectInputEvents = YES;
				INFOPLIST_KEY_UILaunchScreen_Generation = YES;
				INFOPLIST_KEY_UISupportedInterfaceOrientations_iPad = "UIInterfaceOrientationPortrait UIInterfaceOrientationPortraitUpsideDown UIInterfaceOrientationLandscapeLeft UIInterfaceOrientationLandscapeRight";
				INFOPLIST_KEY_UISupportedInterfaceOrientations_iPhone = "UIInterfaceOrientationPortrait UIInterfaceOrientationLandscapeLeft UIInterfaceOrientationLandscapeRight";
				IPHONEOS_DEPLOYMENT_TARGET = 15.0;
				LD_RUNPATH_SEARCH_PATHS = (
					"$(inherited)",
					"@executable_path/Frameworks",
				);
				MARKETING_VERSION = 1.0;
				PRODUCT_BUNDLE_IDENTIFIER = co.th.tyre.BasicSwiftUI;
				PRODUCT_NAME = "$(TARGET_NAME)";
				SWIFT_EMIT_LOC_STRINGS = YES;
				SWIFT_VERSION = 5.0;
				TARGETED_DEVICE_FAMILY = "1,2";
			};
			name = Release;
		};
/* End XCBuildConfiguration section */

/* Begin XCConfigurationList section */
		48AD2D962774373100026299 /* Build configuration list for PBXProject "BasicSwiftUI" */ = {
			isa = XCConfigurationList;
			buildConfigurations = (
				48AD2DA72774373500026299 /* Debug */,
				48AD2DA82774373500026299 /* Release */,
			);
			defaultConfigurationIsVisible = 0;
			defaultConfigurationName = Release;
		};
		48AD2DA92774373500026299 /* Build configuration list for PBXNativeTarget "BasicSwiftUI" */ = {
			isa = XCConfigurationList;
			buildConfigurations = (
				48AD2DAA2774373500026299 /* Debug */,
				48AD2DAB2774373500026299 /* Release */,
			);
			defaultConfigurationIsVisible = 0;
			defaultConfigurationName = Release;
		};
/* End XCConfigurationList section */
	};
	rootObject = 48AD2D932774373100026299 /* Project object */;
}
